# THIS IS AN AUTOGENERATED FILE. DO NOT EDIT THIS FILE DIRECTLY.
# yarn lockfile v1


"@netjoy/ex2json@^1.0.0":
  version "1.0.0"
  resolved "https://registry.npmmirror.com/@netjoy/ex2json/-/ex2json-1.0.0.tgz#b197ddca0259a879842311eae8566236da3260ba"
  integrity sha512-7gnkWlJeyVTrNwsD5SuybRjvEmBMP+Z0nNJOgrqnr/OKHIQlVnm8Y03tmfC4j5LpCh0skVU1XOj7V8gC+KtSeg==
